
Microsoft Visual Studio Solution File, Format Version 12.00
# Visual Studio Version 17
VisualStudioVersion = 17.9.34723.18
MinimumVisualStudioVersion = 10.0.40219.1
Project("{FAE04EC0-301F-11D3-BF4B-00C04F79EFBC}") = "TemplatePattern", "TemplatePattern\TemplatePattern.csproj", "{4E325766-CA3D-4997-B906-EB4A993E5F82}"
EndProject
Project("{FAE04EC0-301F-11D3-BF4B-00C04F79EFBC}") = "CompositePattern", "CompositePattern\CompositePattern.csproj", "{D24FFD3A-F420-4147-9D00-C350F71B5D78}"
EndProject
Project("{FAE04EC0-301F-11D3-BF4B-00C04F79EFBC}") = "Prototype_Pattern", "Prototype_Pattern\Prototype_Pattern.csproj", "{867B7282-3091-4263-A7DB-523AF016DF3E}"
EndProject
Global
	GlobalSection(SolutionConfigurationPlatforms) = preSolution
		Debug|Any CPU = Debug|Any CPU
		Release|Any CPU = Release|Any CPU
	EndGlobalSection
	GlobalSection(ProjectConfigurationPlatforms) = postSolution
		{4E325766-CA3D-4997-B906-EB4A993E5F82}.Debug|Any CPU.ActiveCfg = Debug|Any CPU
		{4E325766-CA3D-4997-B906-EB4A993E5F82}.Debug|Any CPU.Build.0 = Debug|Any CPU
		{4E325766-CA3D-4997-B906-EB4A993E5F82}.Release|Any CPU.ActiveCfg = Release|Any CPU
		{4E325766-CA3D-4997-B906-EB4A993E5F82}.Release|Any CPU.Build.0 = Release|Any CPU
		{D24FFD3A-F420-4147-9D00-C350F71B5D78}.Debug|Any CPU.ActiveCfg = Debug|Any CPU
		{D24FFD3A-F420-4147-9D00-C350F71B5D78}.Debug|Any CPU.Build.0 = Debug|Any CPU
		{D24FFD3A-F420-4147-9D00-C350F71B5D78}.Release|Any CPU.ActiveCfg = Release|Any CPU
		{D24FFD3A-F420-4147-9D00-C350F71B5D78}.Release|Any CPU.Build.0 = Release|Any CPU
		{867B7282-3091-4263-A7DB-523AF016DF3E}.Debug|Any CPU.ActiveCfg = Debug|Any CPU
		{867B7282-3091-4263-A7DB-523AF016DF3E}.Debug|Any CPU.Build.0 = Debug|Any CPU
		{867B7282-3091-4263-A7DB-523AF016DF3E}.Release|Any CPU.ActiveCfg = Release|Any CPU
		{867B7282-3091-4263-A7DB-523AF016DF3E}.Release|Any CPU.Build.0 = Release|Any CPU
	EndGlobalSection
	GlobalSection(SolutionProperties) = preSolution
		HideSolutionNode = FALSE
	EndGlobalSection
	GlobalSection(ExtensibilityGlobals) = postSolution
		SolutionGuid = {66B384A2-4FF9-4864-BCEB-5B278D673ACE}
	EndGlobalSection
EndGlobal
