
Microsoft Visual Studio Solution File, Format Version 12.00
# Visual Studio Version 17
VisualStudioVersion = 17.8.34408.163
MinimumVisualStudioVersion = 10.0.40219.1
Project("{FAE04EC0-301F-11D3-BF4B-00C04F79EFBC}") = "demo", "demo\demo.csproj", "{75492F30-20B6-4B2A-9D47-3F5D085CAFC4}"
EndProject
Project("{9A19103F-16F7-4668-BE54-9A1E7A4F7556}") = "SmartDevice", "SmartDevice\SmartDevice.csproj", "{04342471-B56F-4251-A039-19B03B596F22}"
EndProject
Project("{9A19103F-16F7-4668-BE54-9A1E7A4F7556}") = "SmartDevice.Tests", "SmartDevice.Tests\SmartDevice.Tests.csproj", "{27794FA7-E08C-47FD-8CC6-9F1F007E471C}"
EndProject
Project("{9A19103F-16F7-4668-BE54-9A1E7A4F7556}") = "Handball", "Handball\Handball.csproj", "{3DCCF1A5-4331-4679-ADB2-5A28DE54F833}"
EndProject
Global
	GlobalSection(SolutionConfigurationPlatforms) = preSolution
		Debug|Any CPU = Debug|Any CPU
		Release|Any CPU = Release|Any CPU
	EndGlobalSection
	GlobalSection(ProjectConfigurationPlatforms) = postSolution
		{75492F30-20B6-4B2A-9D47-3F5D085CAFC4}.Debug|Any CPU.ActiveCfg = Debug|Any CPU
		{75492F30-20B6-4B2A-9D47-3F5D085CAFC4}.Debug|Any CPU.Build.0 = Debug|Any CPU
		{75492F30-20B6-4B2A-9D47-3F5D085CAFC4}.Release|Any CPU.ActiveCfg = Release|Any CPU
		{75492F30-20B6-4B2A-9D47-3F5D085CAFC4}.Release|Any CPU.Build.0 = Release|Any CPU
		{04342471-B56F-4251-A039-19B03B596F22}.Debug|Any CPU.ActiveCfg = Debug|Any CPU
		{04342471-B56F-4251-A039-19B03B596F22}.Debug|Any CPU.Build.0 = Debug|Any CPU
		{04342471-B56F-4251-A039-19B03B596F22}.Release|Any CPU.ActiveCfg = Release|Any CPU
		{04342471-B56F-4251-A039-19B03B596F22}.Release|Any CPU.Build.0 = Release|Any CPU
		{27794FA7-E08C-47FD-8CC6-9F1F007E471C}.Debug|Any CPU.ActiveCfg = Debug|Any CPU
		{27794FA7-E08C-47FD-8CC6-9F1F007E471C}.Debug|Any CPU.Build.0 = Debug|Any CPU
		{27794FA7-E08C-47FD-8CC6-9F1F007E471C}.Release|Any CPU.ActiveCfg = Release|Any CPU
		{27794FA7-E08C-47FD-8CC6-9F1F007E471C}.Release|Any CPU.Build.0 = Release|Any CPU
		{3DCCF1A5-4331-4679-ADB2-5A28DE54F833}.Debug|Any CPU.ActiveCfg = Debug|Any CPU
		{3DCCF1A5-4331-4679-ADB2-5A28DE54F833}.Debug|Any CPU.Build.0 = Debug|Any CPU
		{3DCCF1A5-4331-4679-ADB2-5A28DE54F833}.Release|Any CPU.ActiveCfg = Release|Any CPU
		{3DCCF1A5-4331-4679-ADB2-5A28DE54F833}.Release|Any CPU.Build.0 = Release|Any CPU
	EndGlobalSection
	GlobalSection(SolutionProperties) = preSolution
		HideSolutionNode = FALSE
	EndGlobalSection
	GlobalSection(ExtensibilityGlobals) = postSolution
		SolutionGuid = {984C4722-3495-4751-86E1-9CCD880AA1A9}
	EndGlobalSection
EndGlobal
