
Microsoft Visual Studio Solution File, Format Version 12.00
# Visual Studio Version 17
VisualStudioVersion = 17.8.34330.188
MinimumVisualStudioVersion = 10.0.40219.1
Project("{9A19103F-16F7-4668-BE54-9A1E7A4F7556}") = "PersonInfo", "PersonInfo\PersonInfo.csproj", "{653E38DE-FBF0-4194-837E-7EB4DE73C39B}"
EndProject
Project("{9A19103F-16F7-4668-BE54-9A1E7A4F7556}") = "Telephony", "Telephony\Telephony.csproj", "{342DAA49-F61F-4B33-B705-BFD219D4C5B8}"
EndProject
Project("{9A19103F-16F7-4668-BE54-9A1E7A4F7556}") = "BorderControl", "BorderControl\BorderControl.csproj", "{EAECAEDE-854B-4A48-953A-A8BA53056CCF}"
EndProject
Project("{9A19103F-16F7-4668-BE54-9A1E7A4F7556}") = "BirthdayCelebrations", "BirthdayCelebrations\BirthdayCelebrations.csproj", "{D9BF7827-AA01-4632-B928-28BFD7858F2C}"
EndProject
Project("{9A19103F-16F7-4668-BE54-9A1E7A4F7556}") = "FoodShortage", "FoodShortage\FoodShortage.csproj", "{751EDDB6-DE48-4DAC-A17C-12F2E33FAA71}"
EndProject
Project("{9A19103F-16F7-4668-BE54-9A1E7A4F7556}") = "MilitaryElite", "MilitaryElite\MilitaryElite.csproj", "{C09DDE1B-9A59-41BC-888C-02370AA0D77C}"
EndProject
Project("{FAE04EC0-301F-11D3-BF4B-00C04F79EFBC}") = "CollectionHierarchy", "CollectionHierarchy\CollectionHierarchy.csproj", "{52CDD196-A754-49AF-A0D2-44ED5B3159BB}"
EndProject
Project("{FAE04EC0-301F-11D3-BF4B-00C04F79EFBC}") = "ExplicitInterfaces", "ExplicitInterfaces\ExplicitInterfaces.csproj", "{E70849B0-F878-45A7-BFA6-A3D499D2D450}"
EndProject
Global
	GlobalSection(SolutionConfigurationPlatforms) = preSolution
		Debug|Any CPU = Debug|Any CPU
		Release|Any CPU = Release|Any CPU
	EndGlobalSection
	GlobalSection(ProjectConfigurationPlatforms) = postSolution
		{653E38DE-FBF0-4194-837E-7EB4DE73C39B}.Debug|Any CPU.ActiveCfg = Debug|Any CPU
		{653E38DE-FBF0-4194-837E-7EB4DE73C39B}.Debug|Any CPU.Build.0 = Debug|Any CPU
		{653E38DE-FBF0-4194-837E-7EB4DE73C39B}.Release|Any CPU.ActiveCfg = Release|Any CPU
		{653E38DE-FBF0-4194-837E-7EB4DE73C39B}.Release|Any CPU.Build.0 = Release|Any CPU
		{342DAA49-F61F-4B33-B705-BFD219D4C5B8}.Debug|Any CPU.ActiveCfg = Debug|Any CPU
		{342DAA49-F61F-4B33-B705-BFD219D4C5B8}.Debug|Any CPU.Build.0 = Debug|Any CPU
		{342DAA49-F61F-4B33-B705-BFD219D4C5B8}.Release|Any CPU.ActiveCfg = Release|Any CPU
		{342DAA49-F61F-4B33-B705-BFD219D4C5B8}.Release|Any CPU.Build.0 = Release|Any CPU
		{EAECAEDE-854B-4A48-953A-A8BA53056CCF}.Debug|Any CPU.ActiveCfg = Debug|Any CPU
		{EAECAEDE-854B-4A48-953A-A8BA53056CCF}.Debug|Any CPU.Build.0 = Debug|Any CPU
		{EAECAEDE-854B-4A48-953A-A8BA53056CCF}.Release|Any CPU.ActiveCfg = Release|Any CPU
		{EAECAEDE-854B-4A48-953A-A8BA53056CCF}.Release|Any CPU.Build.0 = Release|Any CPU
		{D9BF7827-AA01-4632-B928-28BFD7858F2C}.Debug|Any CPU.ActiveCfg = Debug|Any CPU
		{D9BF7827-AA01-4632-B928-28BFD7858F2C}.Debug|Any CPU.Build.0 = Debug|Any CPU
		{D9BF7827-AA01-4632-B928-28BFD7858F2C}.Release|Any CPU.ActiveCfg = Release|Any CPU
		{D9BF7827-AA01-4632-B928-28BFD7858F2C}.Release|Any CPU.Build.0 = Release|Any CPU
		{751EDDB6-DE48-4DAC-A17C-12F2E33FAA71}.Debug|Any CPU.ActiveCfg = Debug|Any CPU
		{751EDDB6-DE48-4DAC-A17C-12F2E33FAA71}.Debug|Any CPU.Build.0 = Debug|Any CPU
		{751EDDB6-DE48-4DAC-A17C-12F2E33FAA71}.Release|Any CPU.ActiveCfg = Release|Any CPU
		{751EDDB6-DE48-4DAC-A17C-12F2E33FAA71}.Release|Any CPU.Build.0 = Release|Any CPU
		{C09DDE1B-9A59-41BC-888C-02370AA0D77C}.Debug|Any CPU.ActiveCfg = Debug|Any CPU
		{C09DDE1B-9A59-41BC-888C-02370AA0D77C}.Debug|Any CPU.Build.0 = Debug|Any CPU
		{C09DDE1B-9A59-41BC-888C-02370AA0D77C}.Release|Any CPU.ActiveCfg = Release|Any CPU
		{C09DDE1B-9A59-41BC-888C-02370AA0D77C}.Release|Any CPU.Build.0 = Release|Any CPU
		{52CDD196-A754-49AF-A0D2-44ED5B3159BB}.Debug|Any CPU.ActiveCfg = Debug|Any CPU
		{52CDD196-A754-49AF-A0D2-44ED5B3159BB}.Debug|Any CPU.Build.0 = Debug|Any CPU
		{52CDD196-A754-49AF-A0D2-44ED5B3159BB}.Release|Any CPU.ActiveCfg = Release|Any CPU
		{52CDD196-A754-49AF-A0D2-44ED5B3159BB}.Release|Any CPU.Build.0 = Release|Any CPU
		{E70849B0-F878-45A7-BFA6-A3D499D2D450}.Debug|Any CPU.ActiveCfg = Debug|Any CPU
		{E70849B0-F878-45A7-BFA6-A3D499D2D450}.Debug|Any CPU.Build.0 = Debug|Any CPU
		{E70849B0-F878-45A7-BFA6-A3D499D2D450}.Release|Any CPU.ActiveCfg = Release|Any CPU
		{E70849B0-F878-45A7-BFA6-A3D499D2D450}.Release|Any CPU.Build.0 = Release|Any CPU
	EndGlobalSection
	GlobalSection(SolutionProperties) = preSolution
		HideSolutionNode = FALSE
	EndGlobalSection
	GlobalSection(ExtensibilityGlobals) = postSolution
		SolutionGuid = {C16F5DFD-B688-4C2A-962A-B99F5379709C}
	EndGlobalSection
EndGlobal
