
Microsoft Visual Studio Solution File, Format Version 12.00
# Visual Studio Version 17
VisualStudioVersion = 17.8.34330.188
MinimumVisualStudioVersion = 10.0.40219.1
Project("{9A19103F-16F7-4668-BE54-9A1E7A4F7556}") = "Vehicles", "Vehicles\Vehicles.csproj", "{C05D1604-2BF3-459D-A450-ABB4737EC102}"
EndProject
Project("{9A19103F-16F7-4668-BE54-9A1E7A4F7556}") = "VehiclesExtension", "VehiclesExtension\VehiclesExtension.csproj", "{C61725FB-5255-4AED-B46E-86729215CEB7}"
EndProject
Project("{9A19103F-16F7-4668-BE54-9A1E7A4F7556}") = "Raiding", "Raiding\Raiding.csproj", "{F74484A0-254A-4B5D-B36E-BF0B70855BDD}"
EndProject
Project("{FAE04EC0-301F-11D3-BF4B-00C04F79EFBC}") = "WildFarm", "WildFarm\WildFarm.csproj", "{046B5FB0-61C5-4358-BBCD-3E7761720AB0}"
EndProject
Global
	GlobalSection(SolutionConfigurationPlatforms) = preSolution
		Debug|Any CPU = Debug|Any CPU
		Release|Any CPU = Release|Any CPU
	EndGlobalSection
	GlobalSection(ProjectConfigurationPlatforms) = postSolution
		{C05D1604-2BF3-459D-A450-ABB4737EC102}.Debug|Any CPU.ActiveCfg = Debug|Any CPU
		{C05D1604-2BF3-459D-A450-ABB4737EC102}.Debug|Any CPU.Build.0 = Debug|Any CPU
		{C05D1604-2BF3-459D-A450-ABB4737EC102}.Release|Any CPU.ActiveCfg = Release|Any CPU
		{C05D1604-2BF3-459D-A450-ABB4737EC102}.Release|Any CPU.Build.0 = Release|Any CPU
		{C61725FB-5255-4AED-B46E-86729215CEB7}.Debug|Any CPU.ActiveCfg = Debug|Any CPU
		{C61725FB-5255-4AED-B46E-86729215CEB7}.Debug|Any CPU.Build.0 = Debug|Any CPU
		{C61725FB-5255-4AED-B46E-86729215CEB7}.Release|Any CPU.ActiveCfg = Release|Any CPU
		{C61725FB-5255-4AED-B46E-86729215CEB7}.Release|Any CPU.Build.0 = Release|Any CPU
		{F74484A0-254A-4B5D-B36E-BF0B70855BDD}.Debug|Any CPU.ActiveCfg = Debug|Any CPU
		{F74484A0-254A-4B5D-B36E-BF0B70855BDD}.Debug|Any CPU.Build.0 = Debug|Any CPU
		{F74484A0-254A-4B5D-B36E-BF0B70855BDD}.Release|Any CPU.ActiveCfg = Release|Any CPU
		{F74484A0-254A-4B5D-B36E-BF0B70855BDD}.Release|Any CPU.Build.0 = Release|Any CPU
		{046B5FB0-61C5-4358-BBCD-3E7761720AB0}.Debug|Any CPU.ActiveCfg = Debug|Any CPU
		{046B5FB0-61C5-4358-BBCD-3E7761720AB0}.Debug|Any CPU.Build.0 = Debug|Any CPU
		{046B5FB0-61C5-4358-BBCD-3E7761720AB0}.Release|Any CPU.ActiveCfg = Release|Any CPU
		{046B5FB0-61C5-4358-BBCD-3E7761720AB0}.Release|Any CPU.Build.0 = Release|Any CPU
	EndGlobalSection
	GlobalSection(SolutionProperties) = preSolution
		HideSolutionNode = FALSE
	EndGlobalSection
	GlobalSection(ExtensibilityGlobals) = postSolution
		SolutionGuid = {A4F9238D-93BF-4CB1-9DFF-DF2FB0A76BBC}
	EndGlobalSection
EndGlobal
