
Microsoft Visual Studio Solution File, Format Version 12.00
# Visual Studio Version 17
VisualStudioVersion = 17.8.34408.163
MinimumVisualStudioVersion = 10.0.40219.1
Project("{9A19103F-16F7-4668-BE54-9A1E7A4F7556}") = "PizzaCalories", "PizzaCalories\PizzaCalories.csproj", "{CFC10D5B-B730-4EE0-9BFC-8E5B070248AC}"
EndProject
Project("{FAE04EC0-301F-11D3-BF4B-00C04F79EFBC}") = "FootballTeamGenerator", "FootballTeamGenerator\FootballTeamGenerator.csproj", "{00EB8BDA-9BA6-4340-8665-53F0ACF888ED}"
EndProject
Global
	GlobalSection(SolutionConfigurationPlatforms) = preSolution
		Debug|Any CPU = Debug|Any CPU
		Release|Any CPU = Release|Any CPU
	EndGlobalSection
	GlobalSection(ProjectConfigurationPlatforms) = postSolution
		{CFC10D5B-B730-4EE0-9BFC-8E5B070248AC}.Debug|Any CPU.ActiveCfg = Debug|Any CPU
		{CFC10D5B-B730-4EE0-9BFC-8E5B070248AC}.Debug|Any CPU.Build.0 = Debug|Any CPU
		{CFC10D5B-B730-4EE0-9BFC-8E5B070248AC}.Release|Any CPU.ActiveCfg = Release|Any CPU
		{CFC10D5B-B730-4EE0-9BFC-8E5B070248AC}.Release|Any CPU.Build.0 = Release|Any CPU
		{00EB8BDA-9BA6-4340-8665-53F0ACF888ED}.Debug|Any CPU.ActiveCfg = Debug|Any CPU
		{00EB8BDA-9BA6-4340-8665-53F0ACF888ED}.Debug|Any CPU.Build.0 = Debug|Any CPU
		{00EB8BDA-9BA6-4340-8665-53F0ACF888ED}.Release|Any CPU.ActiveCfg = Release|Any CPU
		{00EB8BDA-9BA6-4340-8665-53F0ACF888ED}.Release|Any CPU.Build.0 = Release|Any CPU
	EndGlobalSection
	GlobalSection(SolutionProperties) = preSolution
		HideSolutionNode = FALSE
	EndGlobalSection
	GlobalSection(ExtensibilityGlobals) = postSolution
		SolutionGuid = {8C8E57D1-9FBD-4988-894C-7734C3B8E53A}
	EndGlobalSection
EndGlobal
