
Microsoft Visual Studio Solution File, Format Version 12.00
# Visual Studio Version 17
VisualStudioVersion = 17.9.34723.18
MinimumVisualStudioVersion = 10.0.40219.1
Project("{9A19103F-16F7-4668-BE54-9A1E7A4F7556}") = "demo", "demo\demo.csproj", "{AFFA1569-39B1-4A19-B09B-5B04D0318D54}"
EndProject
Project("{9A19103F-16F7-4668-BE54-9A1E7A4F7556}") = "FootballTeam", "03. Unit Tests_Skeleton\FootballTeam\FootballTeam.csproj", "{4A3FD9DC-14F6-4C2E-B6B2-EF538520DE0C}"
EndProject
Project("{9A19103F-16F7-4668-BE54-9A1E7A4F7556}") = "FootballTeam.Tests", "03. Unit Tests_Skeleton\FootballTeam.Tests\FootballTeam.Tests.csproj", "{36B6B919-D805-4F04-AC18-0BA69681081B}"
EndProject
Project("{9A19103F-16F7-4668-BE54-9A1E7A4F7556}") = "ChristmasPastryShop", "01. Structure_Skeleton\ChristmasPastryShop.csproj", "{9E3420F3-5414-45C3-8A58-8687254619F2}"
EndProject
Global
	GlobalSection(SolutionConfigurationPlatforms) = preSolution
		Debug|Any CPU = Debug|Any CPU
		Release|Any CPU = Release|Any CPU
	EndGlobalSection
	GlobalSection(ProjectConfigurationPlatforms) = postSolution
		{AFFA1569-39B1-4A19-B09B-5B04D0318D54}.Debug|Any CPU.ActiveCfg = Debug|Any CPU
		{AFFA1569-39B1-4A19-B09B-5B04D0318D54}.Debug|Any CPU.Build.0 = Debug|Any CPU
		{AFFA1569-39B1-4A19-B09B-5B04D0318D54}.Release|Any CPU.ActiveCfg = Release|Any CPU
		{AFFA1569-39B1-4A19-B09B-5B04D0318D54}.Release|Any CPU.Build.0 = Release|Any CPU
		{4A3FD9DC-14F6-4C2E-B6B2-EF538520DE0C}.Debug|Any CPU.ActiveCfg = Debug|Any CPU
		{4A3FD9DC-14F6-4C2E-B6B2-EF538520DE0C}.Debug|Any CPU.Build.0 = Debug|Any CPU
		{4A3FD9DC-14F6-4C2E-B6B2-EF538520DE0C}.Release|Any CPU.ActiveCfg = Release|Any CPU
		{4A3FD9DC-14F6-4C2E-B6B2-EF538520DE0C}.Release|Any CPU.Build.0 = Release|Any CPU
		{36B6B919-D805-4F04-AC18-0BA69681081B}.Debug|Any CPU.ActiveCfg = Debug|Any CPU
		{36B6B919-D805-4F04-AC18-0BA69681081B}.Debug|Any CPU.Build.0 = Debug|Any CPU
		{36B6B919-D805-4F04-AC18-0BA69681081B}.Release|Any CPU.ActiveCfg = Release|Any CPU
		{36B6B919-D805-4F04-AC18-0BA69681081B}.Release|Any CPU.Build.0 = Release|Any CPU
		{9E3420F3-5414-45C3-8A58-8687254619F2}.Debug|Any CPU.ActiveCfg = Debug|Any CPU
		{9E3420F3-5414-45C3-8A58-8687254619F2}.Debug|Any CPU.Build.0 = Debug|Any CPU
		{9E3420F3-5414-45C3-8A58-8687254619F2}.Release|Any CPU.ActiveCfg = Release|Any CPU
		{9E3420F3-5414-45C3-8A58-8687254619F2}.Release|Any CPU.Build.0 = Release|Any CPU
	EndGlobalSection
	GlobalSection(SolutionProperties) = preSolution
		HideSolutionNode = FALSE
	EndGlobalSection
	GlobalSection(ExtensibilityGlobals) = postSolution
		SolutionGuid = {D0107CCE-2E02-4E0C-8FDA-7840E984EBF0}
	EndGlobalSection
EndGlobal
