
Microsoft Visual Studio Solution File, Format Version 12.00
# Visual Studio Version 17
VisualStudioVersion = 17.8.34330.188
MinimumVisualStudioVersion = 10.0.40219.1
Project("{FAE04EC0-301F-11D3-BF4B-00C04F79EFBC}") = "Operations", "Operations\Operations.csproj", "{5B0573E3-244E-42EA-B446-325E10275114}"
EndProject
Project("{FAE04EC0-301F-11D3-BF4B-00C04F79EFBC}") = "Animals", "Animals\Animals.csproj", "{74B48175-F3E1-4AD6-841A-63B2FCC8DC30}"
EndProject
Project("{FAE04EC0-301F-11D3-BF4B-00C04F79EFBC}") = "Shapes", "Shapes\Shapes.csproj", "{0761DE45-D05A-4A37-B719-5DAAC41A820D}"
EndProject
Global
	GlobalSection(SolutionConfigurationPlatforms) = preSolution
		Debug|Any CPU = Debug|Any CPU
		Release|Any CPU = Release|Any CPU
	EndGlobalSection
	GlobalSection(ProjectConfigurationPlatforms) = postSolution
		{5B0573E3-244E-42EA-B446-325E10275114}.Debug|Any CPU.ActiveCfg = Debug|Any CPU
		{5B0573E3-244E-42EA-B446-325E10275114}.Debug|Any CPU.Build.0 = Debug|Any CPU
		{5B0573E3-244E-42EA-B446-325E10275114}.Release|Any CPU.ActiveCfg = Release|Any CPU
		{5B0573E3-244E-42EA-B446-325E10275114}.Release|Any CPU.Build.0 = Release|Any CPU
		{74B48175-F3E1-4AD6-841A-63B2FCC8DC30}.Debug|Any CPU.ActiveCfg = Debug|Any CPU
		{74B48175-F3E1-4AD6-841A-63B2FCC8DC30}.Debug|Any CPU.Build.0 = Debug|Any CPU
		{74B48175-F3E1-4AD6-841A-63B2FCC8DC30}.Release|Any CPU.ActiveCfg = Release|Any CPU
		{74B48175-F3E1-4AD6-841A-63B2FCC8DC30}.Release|Any CPU.Build.0 = Release|Any CPU
		{0761DE45-D05A-4A37-B719-5DAAC41A820D}.Debug|Any CPU.ActiveCfg = Debug|Any CPU
		{0761DE45-D05A-4A37-B719-5DAAC41A820D}.Debug|Any CPU.Build.0 = Debug|Any CPU
		{0761DE45-D05A-4A37-B719-5DAAC41A820D}.Release|Any CPU.ActiveCfg = Release|Any CPU
		{0761DE45-D05A-4A37-B719-5DAAC41A820D}.Release|Any CPU.Build.0 = Release|Any CPU
	EndGlobalSection
	GlobalSection(SolutionProperties) = preSolution
		HideSolutionNode = FALSE
	EndGlobalSection
	GlobalSection(ExtensibilityGlobals) = postSolution
		SolutionGuid = {4BF2DFFC-15CE-4555-95B0-E810E2B1AFE8}
	EndGlobalSection
EndGlobal
